// !$*UTF8*$!
{
	archiveVersion = 1;
	classes = {
	};
	objectVersion = 71;
	objects = {

/* Begin PBXBuildFile section */
		000000000000000000000070 /* SimBizExecutiveApp.swift in Sources */ = {isa = PBXBuildFile; fileRef = 000000000000000000000050 /* SimBizExecutiveApp.swift */; };
		000000000000000000000071 /* Models.swift in Sources */ = {isa = PBXBuildFile; fileRef = 000000000000000000000051 /* Models.swift */; };
		000000000000000000000072 /* Engine.swift in Sources */ = {isa = PBXBuildFile; fileRef = 000000000000000000000052 /* Engine.swift */; };
		000000000000000000000073 /* GameStore.swift in Sources */ = {isa = PBXBuildFile; fileRef = 000000000000000000000053 /* GameStore.swift */; };
		000000000000000000000074 /* Glass.swift in Sources */ = {isa = PBXBuildFile; fileRef = 000000000000000000000054 /* Glass.swift */; };
		000000000000000000000075 /* OnboardingView.swift in Sources */ = {isa = PBXBuildFile; fileRef = 000000000000000000000055 /* OnboardingView.swift */; };
		000000000000000000000076 /* MainTabView.swift in Sources */ = {isa = PBXBuildFile; fileRef = 000000000000000000000056 /* MainTabView.swift */; };
		000000000000000000000077 /* SimBizExecutiveWidget.swift in Sources */ = {isa = PBXBuildFile; fileRef = 000000000000000000000057 /* SimBizExecutiveWidget.swift */; };
		000000000000000000000078 /* SimulationTests.swift in Sources */ = {isa = PBXBuildFile; fileRef = 000000000000000000000058 /* SimulationTests.swift */; };
		000000000000000000000079 /* Shortcuts.swift in Sources */ = {isa = PBXBuildFile; fileRef = 000000000000000000000059 /* Shortcuts.swift */; };
/* End PBXBuildFile section */

/* Begin PBXContainerItemProxy section */
		7703BE39306ECD99007266EB /* PBXContainerItemProxy */ = {
			isa = PBXContainerItemProxy;
			containerPortal = 000000000000000000000001 /* Project object */;
			proxyType = 1;
			remoteGlobalIDString = 000000000000000000000020;
			remoteInfo = SimBizExecutive;
		};
/* End PBXContainerItemProxy section */

/* Begin PBXFileReference section */
		000000000000000000000040 /* SimBizExecutive.app */ = {isa = PBXFileReference; explicitFileType = wrapper.application; path = SimBizExecutive.app; sourceTree = BUILT_PRODUCTS_DIR; };
		000000000000000000000041 /* SimBizExecutiveWidget.appex */ = {isa = PBXFileReference; explicitFileType = "wrapper.app-extension"; path = SimBizExecutiveWidget.appex; sourceTree = BUILT_PRODUCTS_DIR; };
		000000000000000000000042 /* SimBizExecutiveTests.xctest */ = {isa = PBXFileReference; explicitFileType = wrapper.cfbundle; path = SimBizExecutiveTests.xctest; sourceTree = BUILT_PRODUCTS_DIR; };
		000000000000000000000050 /* SimBizExecutiveApp.swift */ = {isa = PBXFileReference; lastKnownFileType = sourcecode.swift; path = SimBizExecutiveApp.swift; sourceTree = "<group>"; };
		000000000000000000000051 /* Models.swift */ = {isa = PBXFileReference; lastKnownFileType = sourcecode.swift; path = Models.swift; sourceTree = "<group>"; };
		000000000000000000000052 /* Engine.swift */ = {isa = PBXFileReference; lastKnownFileType = sourcecode.swift; path = Engine.swift; sourceTree = "<group>"; };
		000000000000000000000053 /* GameStore.swift */ = {isa = PBXFileReference; lastKnownFileType = sourcecode.swift; path = GameStore.swift; sourceTree = "<group>"; };
		000000000000000000000054 /* Glass.swift */ = {isa = PBXFileReference; lastKnownFileType = sourcecode.swift; path = Glass.swift; sourceTree = "<group>"; };
		000000000000000000000055 /* OnboardingView.swift */ = {isa = PBXFileReference; lastKnownFileType = sourcecode.swift; path = OnboardingView.swift; sourceTree = "<group>"; };
		000000000000000000000056 /* MainTabView.swift */ = {isa = PBXFileReference; lastKnownFileType = sourcecode.swift; path = MainTabView.swift; sourceTree = "<group>"; };
		000000000000000000000057 /* SimBizExecutiveWidget.swift */ = {isa = PBXFileReference; lastKnownFileType = sourcecode.swift; path = SimBizExecutiveWidget.swift; sourceTree = "<group>"; };
		000000000000000000000058 /* SimulationTests.swift */ = {isa = PBXFileReference; lastKnownFileType = sourcecode.swift; path = SimulationTests.swift; sourceTree = "<group>"; };
		000000000000000000000059 /* Shortcuts.swift */ = {isa = PBXFileReference; lastKnownFileType = sourcecode.swift; path = Shortcuts.swift; sourceTree = "<group>"; };
/* End PBXFileReference section */

/* Begin PBXGroup section */
		000000000000000000000002 = {
			isa = PBXGroup;
			children = (
				000000000000000000000030 /* SimBizExecutive */,
				000000000000000000000031 /* SimBizExecutiveWidget */,
				000000000000000000000032 /* SimBizExecutiveTests */,
			);
			sourceTree = "<group>";
		};
		000000000000000000000003 /* Products */ = {
			isa = PBXGroup;
			children = (
				000000000000000000000040 /* SimBizExecutive.app */,
				000000000000000000000041 /* SimBizExecutiveWidget.appex */,
				000000000000000000000042 /* SimBizExecutiveTests.xctest */,
			);
			name = Products;
			sourceTree = "<group>";
		};
		000000000000000000000030 /* SimBizExecutive */ = {
			isa = PBXGroup;
			children = (
				000000000000000000000050 /* SimBizExecutiveApp.swift */,
				000000000000000000000051 /* Models.swift */,
				000000000000000000000052 /* Engine.swift */,
				000000000000000000000053 /* GameStore.swift */,
				000000000000000000000054 /* Glass.swift */,
				000000000000000000000055 /* OnboardingView.swift */,
				000000000000000000000056 /* MainTabView.swift */,
				000000000000000000000059 /* Shortcuts.swift */,
			);
			path = SimBizExecutive;
			sourceTree = "<group>";
		};
		000000000000000000000031 /* SimBizExecutiveWidget */ = {
			isa = PBXGroup;
			children = (
				000000000000000000000057 /* SimBizExecutiveWidget.swift */,
			);
			path = SimBizExecutiveWidget;
			sourceTree = "<group>";
		};
		000000000000000000000032 /* SimBizExecutiveTests */ = {
			isa = PBXGroup;
			children = (
				000000000000000000000058 /* SimulationTests.swift */,
			);
			path = SimBizExecutiveTests;
			sourceTree = "<group>";
		};
/* End PBXGroup section */

/* Begin PBXNativeTarget section */
		000000000000000000000020 /* SimBizExecutive */ = {
			isa = PBXNativeTarget;
			buildConfigurationList = 000000000000000000000011 /* Build configuration list for PBXNativeTarget "SimBizExecutive" */;
			buildPhases = (
				000000000000000000000060 /* Sources */,
			);
			buildRules = (
			);
			dependencies = (
			);
			name = SimBizExecutive;
			productName = SimBizExecutive;
			productReference = 000000000000000000000040 /* SimBizExecutive.app */;
			productType = "com.apple.product-type.application";
		};
		000000000000000000000021 /* SimBizExecutiveWidget */ = {
			isa = PBXNativeTarget;
			buildConfigurationList = 000000000000000000000012 /* Build configuration list for PBXNativeTarget "SimBizExecutiveWidget" */;
			buildPhases = (
				000000000000000000000061 /* Sources */,
			);
			buildRules = (
			);
			dependencies = (
			);
			name = SimBizExecutiveWidget;
			productName = SimBizExecutiveWidget;
			productReference = 000000000000000000000041 /* SimBizExecutiveWidget.appex */;
			productType = "com.apple.product-type.app-extension";
		};
		000000000000000000000022 /* SimBizExecutiveTests */ = {
			isa = PBXNativeTarget;
			buildConfigurationList = 000000000000000000000013 /* Build configuration list for PBXNativeTarget "SimBizExecutiveTests" */;
			buildPhases = (
				000000000000000000000062 /* Sources */,
			);
			buildRules = (
			);
			dependencies = (
				000000000000000000000090 /* PBXTargetDependency */,
			);
			name = SimBizExecutiveTests;
			productName = SimBizExecutiveTests;
			productReference = 000000000000000000000042 /* SimBizExecutiveTests.xctest */;
			productType = "com.apple.product-type.bundle.unit-test";
		};
/* End PBXNativeTarget section */

/* Begin PBXProject section */
		000000000000000000000001 /* Project object */ = {
			isa = PBXProject;
			attributes = {
				LastUpgradeCheck = 2630;
			};
			buildConfigurationList = 000000000000000000000010 /* Build configuration list for PBXProject "SimBizExecutive" */;
			compatibilityVersion = "Xcode 16.0";
			developmentRegion = fr;
			hasScannedForEncodings = 0;
			knownRegions = (
				en,
				fr,
			);
			mainGroup = 000000000000000000000002;
			productRefGroup = 000000000000000000000003 /* Products */;
			projectDirPath = "";
			projectRoot = "";
			targets = (
				000000000000000000000020 /* SimBizExecutive */,
				000000000000000000000021 /* SimBizExecutiveWidget */,
				000000000000000000000022 /* SimBizExecutiveTests */,
			);
		};
/* End PBXProject section */

/* Begin PBXSourcesBuildPhase section */
		000000000000000000000060 /* Sources */ = {
			isa = PBXSourcesBuildPhase;
			buildActionMask = 2147483647;
			files = (
				000000000000000000000070 /* SimBizExecutiveApp.swift in Sources */,
				000000000000000000000071 /* Models.swift in Sources */,
				000000000000000000000072 /* Engine.swift in Sources */,
				000000000000000000000073 /* GameStore.swift in Sources */,
				000000000000000000000074 /* Glass.swift in Sources */,
				000000000000000000000075 /* OnboardingView.swift in Sources */,
				000000000000000000000076 /* MainTabView.swift in Sources */,
				000000000000000000000079 /* Shortcuts.swift in Sources */,
			);
			runOnlyForDeploymentPostprocessing = 0;
		};
		000000000000000000000061 /* Sources */ = {
			isa = PBXSourcesBuildPhase;
			buildActionMask = 2147483647;
			files = (
				000000000000000000000077 /* SimBizExecutiveWidget.swift in Sources */,
			);
			runOnlyForDeploymentPostprocessing = 0;
		};
		000000000000000000000062 /* Sources */ = {
			isa = PBXSourcesBuildPhase;
			buildActionMask = 2147483647;
			files = (
				000000000000000000000078 /* SimulationTests.swift in Sources */,
			);
			runOnlyForDeploymentPostprocessing = 0;
		};
/* End PBXSourcesBuildPhase section */

/* Begin PBXTargetDependency section */
		000000000000000000000090 /* PBXTargetDependency */ = {
			isa = PBXTargetDependency;
			target = 000000000000000000000020 /* SimBizExecutive */;
			targetProxy = 7703BE39306ECD99007266EB /* PBXContainerItemProxy */;
		};
/* End PBXTargetDependency section */

/* Begin XCBuildConfiguration section */
		000000000000000000000100 /* Debug */ = {
			isa = XCBuildConfiguration;
			buildSettings = {
				IPHONEOS_DEPLOYMENT_TARGET = 18.0;
				SWIFT_VERSION = 6.0;
			};
			name = Debug;
		};
		000000000000000000000101 /* Release */ = {
			isa = XCBuildConfiguration;
			buildSettings = {
				IPHONEOS_DEPLOYMENT_TARGET = 18.0;
				SWIFT_VERSION = 6.0;
			};
			name = Release;
		};
		000000000000000000000110 /* Debug */ = {
			isa = XCBuildConfiguration;
			buildSettings = {
				DEVELOPMENT_TEAM = 2J9Q89QNRQ;
				ENABLE_TESTABILITY = YES;
				GENERATE_INFOPLIST_FILE = YES;
				INFOPLIST_KEY_CFBundleDisplayName = "SimBiz Executive";
				INFOPLIST_KEY_UILaunchScreen_Generation = YES;
				INFOPLIST_KEY_UISupportedInterfaceOrientations = UIInterfaceOrientationPortrait;
				PRODUCT_BUNDLE_IDENTIFIER = com.simbiz.executive;
				PRODUCT_NAME = SimBizExecutive;
				SDKROOT = iphoneos;
				TARGETED_DEVICE_FAMILY = "1,2";
			};
			name = Debug;
		};
		000000000000000000000111 /* Release */ = {
			isa = XCBuildConfiguration;
			buildSettings = {
				DEVELOPMENT_TEAM = 2J9Q89QNRQ;
				GENERATE_INFOPLIST_FILE = YES;
				INFOPLIST_KEY_CFBundleDisplayName = "SimBiz Executive";
				INFOPLIST_KEY_UILaunchScreen_Generation = YES;
				INFOPLIST_KEY_UISupportedInterfaceOrientations = UIInterfaceOrientationPortrait;
				PRODUCT_BUNDLE_IDENTIFIER = com.simbiz.executive;
				PRODUCT_NAME = SimBizExecutive;
				SDKROOT = iphoneos;
				TARGETED_DEVICE_FAMILY = "1,2";
			};
			name = Release;
		};
		000000000000000000000112 /* Debug */ = {
			isa = XCBuildConfiguration;
			buildSettings = {
				GENERATE_INFOPLIST_FILE = YES;
				PRODUCT_BUNDLE_IDENTIFIER = com.simbiz.executive.widget;
				PRODUCT_NAME = SimBizExecutiveWidget;
				SDKROOT = iphoneos;
				TARGETED_DEVICE_FAMILY = "1,2";
			};
			name = Debug;
		};
		000000000000000000000113 /* Release */ = {
			isa = XCBuildConfiguration;
			buildSettings = {
				GENERATE_INFOPLIST_FILE = YES;
				PRODUCT_BUNDLE_IDENTIFIER = com.simbiz.executive.widget;
				PRODUCT_NAME = SimBizExecutiveWidget;
				SDKROOT = iphoneos;
				TARGETED_DEVICE_FAMILY = "1,2";
			};
			name = Release;
		};
		000000000000000000000114 /* Debug */ = {
			isa = XCBuildConfiguration;
			buildSettings = {
				BUNDLE_LOADER = "$(TEST_HOST)";
				GENERATE_INFOPLIST_FILE = YES;
				PRODUCT_BUNDLE_IDENTIFIER = com.simbiz.executive.tests;
				PRODUCT_NAME = SimBizExecutiveTests;
				SDKROOT = iphoneos;
				TARGETED_DEVICE_FAMILY = "1,2";
				TEST_HOST = "$(BUILT_PRODUCTS_DIR)/SimBizExecutive.app/SimBizExecutive";
			};
			name = Debug;
		};
		000000000000000000000115 /* Release */ = {
			isa = XCBuildConfiguration;
			buildSettings = {
				BUNDLE_LOADER = "$(TEST_HOST)";
				GENERATE_INFOPLIST_FILE = YES;
				PRODUCT_BUNDLE_IDENTIFIER = com.simbiz.executive.tests;
				PRODUCT_NAME = SimBizExecutiveTests;
				SDKROOT = iphoneos;
				TARGETED_DEVICE_FAMILY = "1,2";
				TEST_HOST = "$(BUILT_PRODUCTS_DIR)/SimBizExecutive.app/SimBizExecutive";
			};
			name = Release;
		};
/* End XCBuildConfiguration section */

/* Begin XCConfigurationList section */
		000000000000000000000010 /* Build configuration list for PBXProject "SimBizExecutive" */ = {
			isa = XCConfigurationList;
			buildConfigurations = (
				000000000000000000000100 /* Debug */,
				000000000000000000000101 /* Release */,
			);
			defaultConfigurationIsVisible = 0;
			defaultConfigurationName = Release;
		};
		000000000000000000000011 /* Build configuration list for PBXNativeTarget "SimBizExecutive" */ = {
			isa = XCConfigurationList;
			buildConfigurations = (
				000000000000000000000110 /* Debug */,
				000000000000000000000111 /* Release */,
			);
			defaultConfigurationIsVisible = 0;
			defaultConfigurationName = Release;
		};
		000000000000000000000012 /* Build configuration list for PBXNativeTarget "SimBizExecutiveWidget" */ = {
			isa = XCConfigurationList;
			buildConfigurations = (
				000000000000000000000112 /* Debug */,
				000000000000000000000113 /* Release */,
			);
			defaultConfigurationIsVisible = 0;
			defaultConfigurationName = Release;
		};
		000000000000000000000013 /* Build configuration list for PBXNativeTarget "SimBizExecutiveTests" */ = {
			isa = XCConfigurationList;
			buildConfigurations = (
				000000000000000000000114 /* Debug */,
				000000000000000000000115 /* Release */,
			);
			defaultConfigurationIsVisible = 0;
			defaultConfigurationName = Release;
		};
/* End XCConfigurationList section */
	};
	rootObject = 000000000000000000000001 /* Project object */;
}
